
Microsoft Visual Studio Solution File, Format Version 12.00
# Visual Studio Version 16
VisualStudioVersion = 16.0.32602.291
MinimumVisualStudioVersion = 10.0.40219.1
Project("{8BC9CEB8-8B4A-11D0-8D11-00A0C91BC942}") = "AlgoLib", "AlgoLib\AlgoLib.vcxproj", "{6DA13B49-E9C0-49B5-9684-2968C44E5972}"
EndProject
Global
	GlobalSection(SolutionConfigurationPlatforms) = preSolution
		Debug|x64 = Debug|x64
		Debug|x86 = Debug|x86
		Release|x64 = Release|x64
		Release|x86 = Release|x86
	EndGlobalSection
	GlobalSection(ProjectConfigurationPlatforms) = postSolution
		{6DA13B49-E9C0-49B5-9684-2968C44E5972}.Debug|x64.ActiveCfg = Debug|x64
		{6DA13B49-E9C0-49B5-9684-2968C44E5972}.Debug|x64.Build.0 = Debug|x64
		{6DA13B49-E9C0-49B5-9684-2968C44E5972}.Debug|x86.ActiveCfg = Debug|Win32
		{6DA13B49-E9C0-49B5-9684-2968C44E5972}.Debug|x86.Build.0 = Debug|Win32
		{6DA13B49-E9C0-49B5-9684-2968C44E5972}.Release|x64.ActiveCfg = Release|x64
		{6DA13B49-E9C0-49B5-9684-2968C44E5972}.Release|x64.Build.0 = Release|x64
		{6DA13B49-E9C0-49B5-9684-2968C44E5972}.Release|x86.ActiveCfg = Release|Win32
		{6DA13B49-E9C0-49B5-9684-2968C44E5972}.Release|x86.Build.0 = Release|Win32
	EndGlobalSection
	GlobalSection(SolutionProperties) = preSolution
		HideSolutionNode = FALSE
	EndGlobalSection
	GlobalSection(ExtensibilityGlobals) = postSolution
		SolutionGuid = {99054C10-5342-4FDD-8084-EEFBF547A0A6}
	EndGlobalSection
EndGlobal
